
Microsoft Visual Studio Solution File, Format Version 12.00
# Visual Studio Version 17
VisualStudioVersion = 17.1.32421.90
MinimumVisualStudioVersion = 10.0.40219.1
Project("{9A19103F-16F7-4668-BE54-9A1E7A4F7556}") = "WorkerTemplate.Worker", "WorkerTemplate.Worker\WorkerTemplate.Worker.csproj", "{2182EE70-E2B7-41F5-BE2A-7467EDE0D687}"
EndProject
Project("{FAE04EC0-301F-11D3-BF4B-00C04F79EFBC}") = "WorkerTemplate.Infrastructure", "WorkerTemplate.Infrastructure\WorkerTemplate.Infrastructure.csproj", "{65D92AF7-5C09-4500-BFEE-18451D54A35C}"
EndProject
Project("{FAE04EC0-301F-11D3-BF4B-00C04F79EFBC}") = "WorkerTemplate.Domain", "WorkerTemplate.Domain\WorkerTemplate.Domain.csproj", "{EC32EF71-6161-4AFE-B916-2166A27395EE}"
EndProject
Project("{FAE04EC0-301F-11D3-BF4B-00C04F79EFBC}") = "WorkerTemplate.SharedKernel", "WorkerTemplate.SharedKernel\WorkerTemplate.SharedKernel.csproj", "{3D5D1344-CB83-49C4-B801-E89EDDC61819}"
EndProject
Global
	GlobalSection(SolutionConfigurationPlatforms) = preSolution
		Debug|Any CPU = Debug|Any CPU
		Release|Any CPU = Release|Any CPU
	EndGlobalSection
	GlobalSection(ProjectConfigurationPlatforms) = postSolution
		{2182EE70-E2B7-41F5-BE2A-7467EDE0D687}.Debug|Any CPU.ActiveCfg = Debug|Any CPU
		{2182EE70-E2B7-41F5-BE2A-7467EDE0D687}.Debug|Any CPU.Build.0 = Debug|Any CPU
		{2182EE70-E2B7-41F5-BE2A-7467EDE0D687}.Release|Any CPU.ActiveCfg = Release|Any CPU
		{2182EE70-E2B7-41F5-BE2A-7467EDE0D687}.Release|Any CPU.Build.0 = Release|Any CPU
		{65D92AF7-5C09-4500-BFEE-18451D54A35C}.Debug|Any CPU.ActiveCfg = Debug|Any CPU
		{65D92AF7-5C09-4500-BFEE-18451D54A35C}.Debug|Any CPU.Build.0 = Debug|Any CPU
		{65D92AF7-5C09-4500-BFEE-18451D54A35C}.Release|Any CPU.ActiveCfg = Release|Any CPU
		{65D92AF7-5C09-4500-BFEE-18451D54A35C}.Release|Any CPU.Build.0 = Release|Any CPU
		{EC32EF71-6161-4AFE-B916-2166A27395EE}.Debug|Any CPU.ActiveCfg = Debug|Any CPU
		{EC32EF71-6161-4AFE-B916-2166A27395EE}.Debug|Any CPU.Build.0 = Debug|Any CPU
		{EC32EF71-6161-4AFE-B916-2166A27395EE}.Release|Any CPU.ActiveCfg = Release|Any CPU
		{EC32EF71-6161-4AFE-B916-2166A27395EE}.Release|Any CPU.Build.0 = Release|Any CPU
		{3D5D1344-CB83-49C4-B801-E89EDDC61819}.Debug|Any CPU.ActiveCfg = Debug|Any CPU
		{3D5D1344-CB83-49C4-B801-E89EDDC61819}.Debug|Any CPU.Build.0 = Debug|Any CPU
		{3D5D1344-CB83-49C4-B801-E89EDDC61819}.Release|Any CPU.ActiveCfg = Release|Any CPU
		{3D5D1344-CB83-49C4-B801-E89EDDC61819}.Release|Any CPU.Build.0 = Release|Any CPU
	EndGlobalSection
	GlobalSection(SolutionProperties) = preSolution
		HideSolutionNode = FALSE
	EndGlobalSection
	GlobalSection(ExtensibilityGlobals) = postSolution
		SolutionGuid = {4B41FB91-20A5-4EAD-B0EC-3698F68A3CE0}
	EndGlobalSection
EndGlobal
